
Microsoft Visual Studio Solution File, Format Version 12.00
# Visual Studio Version 16
VisualStudioVersion = 16.0.29519.181
MinimumVisualStudioVersion = 10.0.40219.1
Project("{9A19103F-16F7-4668-BE54-9A1E7A4F7556}") = "ApiClientes", "ApiClientes\ApiClientes.csproj", "{F67C3E16-BA95-4E90-A32E-DADB83AB497A}"
EndProject
Project("{2150E333-8FDC-42A3-9474-1A3956D46DE8}") = "1.0 - Presentation", "1.0 - Presentation", "{9A32EA71-BFEB-427C-B751-56BF75490054}"
EndProject
Project("{2150E333-8FDC-42A3-9474-1A3956D46DE8}") = "2.0 - Application", "2.0 - Application", "{8192C40C-90B9-4BF3-AB97-0374E4BE81B5}"
EndProject
Project("{2150E333-8FDC-42A3-9474-1A3956D46DE8}") = "3.0 - Domain", "3.0 - Domain", "{E73920D8-3EAA-45A5-B462-54064F9E209D}"
EndProject
Project("{2150E333-8FDC-42A3-9474-1A3956D46DE8}") = "4.0 - Infrastruture", "4.0 - Infrastruture", "{97199EE3-07C0-4524-9F27-7E0016611680}"
EndProject
Project("{9A19103F-16F7-4668-BE54-9A1E7A4F7556}") = "ApiCliente.Domain", "ApiCliente.Domain\ApiCliente.Domain.csproj", "{672CB920-62D8-40E8-9801-B7FBF5CFF940}"
EndProject
Project("{9A19103F-16F7-4668-BE54-9A1E7A4F7556}") = "ApiCliente.Domain.Core", "ApiCliente.Domain.Core\ApiCliente.Domain.Core.csproj", "{6C319588-4763-408A-97DD-6CB804F6BDEA}"
EndProject
Project("{9A19103F-16F7-4668-BE54-9A1E7A4F7556}") = "ApiCliente.Domain.Services", "ApiCliente.Domain.Services\ApiCliente.Domain.Services.csproj", "{172C5012-2E15-47EB-B448-819EE08F129E}"
EndProject
Project("{9A19103F-16F7-4668-BE54-9A1E7A4F7556}") = "ApiCliente.Application", "ApiCliente.Application\ApiCliente.Application.csproj", "{2D643FEF-364D-42EA-A4A9-8C6796660206}"
EndProject
Project("{9A19103F-16F7-4668-BE54-9A1E7A4F7556}") = "ApiCliente.Application.DTO", "ApiCliente.Application.DTO\ApiCliente.Application.DTO.csproj", "{F75A6EF6-3303-4B86-995C-CAA5AC95DC05}"
EndProject
Project("{2150E333-8FDC-42A3-9474-1A3956D46DE8}") = "4.1 - Data", "4.1 - Data", "{7348A87A-A8C9-40A2-82F1-0792DD461667}"
EndProject
Project("{9A19103F-16F7-4668-BE54-9A1E7A4F7556}") = "ApiCliente.Infrastruture.Data", "ApiCliente.Infrasturcture.Data\ApiCliente.Infrastruture.Data.csproj", "{1E58DFEB-8901-42D7-8E81-9C6587A52D88}"
EndProject
Project("{9A19103F-16F7-4668-BE54-9A1E7A4F7556}") = "ApiCliente.Infrastruture.Repository", "ApiCliente.Infrastructure.Repository\ApiCliente.Infrastruture.Repository.csproj", "{508C0209-EF06-484E-B9FF-AF8A5AD2AB55}"
EndProject
Project("{2150E333-8FDC-42A3-9474-1A3956D46DE8}") = "4.2 - CrossCutting", "4.2 - CrossCutting", "{6468A2DD-3916-4493-8F76-E73F5296129F}"
EndProject
Project("{9A19103F-16F7-4668-BE54-9A1E7A4F7556}") = "ApiCliente.Infrastruture.CrossCutting.Adapter", "ApiCliente.Infrastruture.CrossCutting.Adapter\ApiCliente.Infrastruture.CrossCutting.Adapter.csproj", "{2105154E-7556-42E1-AF2F-C0731162A611}"
EndProject
Project("{9A19103F-16F7-4668-BE54-9A1E7A4F7556}") = "ApiCliente.Infrastruture.CrossCutting.IOC", "ApiCliente.Infrastruture.CrossCutting.IOC\ApiCliente.Infrastruture.CrossCutting.IOC.csproj", "{4F6D552A-EE97-4AB8-A805-3048EF343547}"
EndProject
Project("{2150E333-8FDC-42A3-9474-1A3956D46DE8}") = "0.0 - Test", "0.0 - Test", "{8098ACA8-1178-4767-9BA2-23AD3528CDBC}"
EndProject
Project("{FAE04EC0-301F-11D3-BF4B-00C04F79EFBC}") = "ApiCliente.Test", "ApiCliente.Test\ApiCliente.Test.csproj", "{C67FDEDD-A342-4E96-A2A7-B83EC2845FEC}"
EndProject
Global
	GlobalSection(SolutionConfigurationPlatforms) = preSolution
		Debug|Any CPU = Debug|Any CPU
		Release|Any CPU = Release|Any CPU
	EndGlobalSection
	GlobalSection(ProjectConfigurationPlatforms) = postSolution
		{F67C3E16-BA95-4E90-A32E-DADB83AB497A}.Debug|Any CPU.ActiveCfg = Debug|Any CPU
		{F67C3E16-BA95-4E90-A32E-DADB83AB497A}.Debug|Any CPU.Build.0 = Debug|Any CPU
		{F67C3E16-BA95-4E90-A32E-DADB83AB497A}.Release|Any CPU.ActiveCfg = Release|Any CPU
		{F67C3E16-BA95-4E90-A32E-DADB83AB497A}.Release|Any CPU.Build.0 = Release|Any CPU
		{672CB920-62D8-40E8-9801-B7FBF5CFF940}.Debug|Any CPU.ActiveCfg = Debug|Any CPU
		{672CB920-62D8-40E8-9801-B7FBF5CFF940}.Debug|Any CPU.Build.0 = Debug|Any CPU
		{672CB920-62D8-40E8-9801-B7FBF5CFF940}.Release|Any CPU.ActiveCfg = Release|Any CPU
		{672CB920-62D8-40E8-9801-B7FBF5CFF940}.Release|Any CPU.Build.0 = Release|Any CPU
		{6C319588-4763-408A-97DD-6CB804F6BDEA}.Debug|Any CPU.ActiveCfg = Debug|Any CPU
		{6C319588-4763-408A-97DD-6CB804F6BDEA}.Debug|Any CPU.Build.0 = Debug|Any CPU
		{6C319588-4763-408A-97DD-6CB804F6BDEA}.Release|Any CPU.ActiveCfg = Release|Any CPU
		{6C319588-4763-408A-97DD-6CB804F6BDEA}.Release|Any CPU.Build.0 = Release|Any CPU
		{172C5012-2E15-47EB-B448-819EE08F129E}.Debug|Any CPU.ActiveCfg = Debug|Any CPU
		{172C5012-2E15-47EB-B448-819EE08F129E}.Debug|Any CPU.Build.0 = Debug|Any CPU
		{172C5012-2E15-47EB-B448-819EE08F129E}.Release|Any CPU.ActiveCfg = Release|Any CPU
		{172C5012-2E15-47EB-B448-819EE08F129E}.Release|Any CPU.Build.0 = Release|Any CPU
		{2D643FEF-364D-42EA-A4A9-8C6796660206}.Debug|Any CPU.ActiveCfg = Debug|Any CPU
		{2D643FEF-364D-42EA-A4A9-8C6796660206}.Debug|Any CPU.Build.0 = Debug|Any CPU
		{2D643FEF-364D-42EA-A4A9-8C6796660206}.Release|Any CPU.ActiveCfg = Release|Any CPU
		{2D643FEF-364D-42EA-A4A9-8C6796660206}.Release|Any CPU.Build.0 = Release|Any CPU
		{F75A6EF6-3303-4B86-995C-CAA5AC95DC05}.Debug|Any CPU.ActiveCfg = Debug|Any CPU
		{F75A6EF6-3303-4B86-995C-CAA5AC95DC05}.Debug|Any CPU.Build.0 = Debug|Any CPU
		{F75A6EF6-3303-4B86-995C-CAA5AC95DC05}.Release|Any CPU.ActiveCfg = Release|Any CPU
		{F75A6EF6-3303-4B86-995C-CAA5AC95DC05}.Release|Any CPU.Build.0 = Release|Any CPU
		{1E58DFEB-8901-42D7-8E81-9C6587A52D88}.Debug|Any CPU.ActiveCfg = Debug|Any CPU
		{1E58DFEB-8901-42D7-8E81-9C6587A52D88}.Debug|Any CPU.Build.0 = Debug|Any CPU
		{1E58DFEB-8901-42D7-8E81-9C6587A52D88}.Release|Any CPU.ActiveCfg = Release|Any CPU
		{1E58DFEB-8901-42D7-8E81-9C6587A52D88}.Release|Any CPU.Build.0 = Release|Any CPU
		{508C0209-EF06-484E-B9FF-AF8A5AD2AB55}.Debug|Any CPU.ActiveCfg = Debug|Any CPU
		{508C0209-EF06-484E-B9FF-AF8A5AD2AB55}.Debug|Any CPU.Build.0 = Debug|Any CPU
		{508C0209-EF06-484E-B9FF-AF8A5AD2AB55}.Release|Any CPU.ActiveCfg = Release|Any CPU
		{508C0209-EF06-484E-B9FF-AF8A5AD2AB55}.Release|Any CPU.Build.0 = Release|Any CPU
		{2105154E-7556-42E1-AF2F-C0731162A611}.Debug|Any CPU.ActiveCfg = Debug|Any CPU
		{2105154E-7556-42E1-AF2F-C0731162A611}.Debug|Any CPU.Build.0 = Debug|Any CPU
		{2105154E-7556-42E1-AF2F-C0731162A611}.Release|Any CPU.ActiveCfg = Release|Any CPU
		{2105154E-7556-42E1-AF2F-C0731162A611}.Release|Any CPU.Build.0 = Release|Any CPU
		{4F6D552A-EE97-4AB8-A805-3048EF343547}.Debug|Any CPU.ActiveCfg = Debug|Any CPU
		{4F6D552A-EE97-4AB8-A805-3048EF343547}.Debug|Any CPU.Build.0 = Debug|Any CPU
		{4F6D552A-EE97-4AB8-A805-3048EF343547}.Release|Any CPU.ActiveCfg = Release|Any CPU
		{4F6D552A-EE97-4AB8-A805-3048EF343547}.Release|Any CPU.Build.0 = Release|Any CPU
		{C67FDEDD-A342-4E96-A2A7-B83EC2845FEC}.Debug|Any CPU.ActiveCfg = Debug|Any CPU
		{C67FDEDD-A342-4E96-A2A7-B83EC2845FEC}.Debug|Any CPU.Build.0 = Debug|Any CPU
		{C67FDEDD-A342-4E96-A2A7-B83EC2845FEC}.Release|Any CPU.ActiveCfg = Release|Any CPU
		{C67FDEDD-A342-4E96-A2A7-B83EC2845FEC}.Release|Any CPU.Build.0 = Release|Any CPU
	EndGlobalSection
	GlobalSection(SolutionProperties) = preSolution
		HideSolutionNode = FALSE
	EndGlobalSection
	GlobalSection(NestedProjects) = preSolution
		{F67C3E16-BA95-4E90-A32E-DADB83AB497A} = {9A32EA71-BFEB-427C-B751-56BF75490054}
		{672CB920-62D8-40E8-9801-B7FBF5CFF940} = {E73920D8-3EAA-45A5-B462-54064F9E209D}
		{6C319588-4763-408A-97DD-6CB804F6BDEA} = {E73920D8-3EAA-45A5-B462-54064F9E209D}
		{172C5012-2E15-47EB-B448-819EE08F129E} = {E73920D8-3EAA-45A5-B462-54064F9E209D}
		{2D643FEF-364D-42EA-A4A9-8C6796660206} = {8192C40C-90B9-4BF3-AB97-0374E4BE81B5}
		{F75A6EF6-3303-4B86-995C-CAA5AC95DC05} = {8192C40C-90B9-4BF3-AB97-0374E4BE81B5}
		{7348A87A-A8C9-40A2-82F1-0792DD461667} = {97199EE3-07C0-4524-9F27-7E0016611680}
		{1E58DFEB-8901-42D7-8E81-9C6587A52D88} = {7348A87A-A8C9-40A2-82F1-0792DD461667}
		{508C0209-EF06-484E-B9FF-AF8A5AD2AB55} = {7348A87A-A8C9-40A2-82F1-0792DD461667}
		{6468A2DD-3916-4493-8F76-E73F5296129F} = {97199EE3-07C0-4524-9F27-7E0016611680}
		{2105154E-7556-42E1-AF2F-C0731162A611} = {6468A2DD-3916-4493-8F76-E73F5296129F}
		{4F6D552A-EE97-4AB8-A805-3048EF343547} = {6468A2DD-3916-4493-8F76-E73F5296129F}
		{C67FDEDD-A342-4E96-A2A7-B83EC2845FEC} = {8098ACA8-1178-4767-9BA2-23AD3528CDBC}
	EndGlobalSection
	GlobalSection(ExtensibilityGlobals) = postSolution
		SolutionGuid = {57BCF531-6B54-464F-A4A4-9F3B7ADE7A2C}
	EndGlobalSection
EndGlobal
